// !$*UTF8*$!
{
	archiveVersion = 1;
	classes = {
	};
	objectVersion = 46;
	objects = {

/* Begin PBXBuildFile section */
		BF44DA451EE9C1B900A7A53C /* com_NewChromantics_PopReadPixels.m in Sources */ = {isa = PBXBuildFile; fileRef = BF44DA441EE9C1B900A7A53C /* com_NewChromantics_PopReadPixels.m */; };
		BF44DA491EE9C1E200A7A53C /* SoyArray.cpp in Sources */ = {isa = PBXBuildFile; fileRef = BF5A5A321EE46B50006A0152 /* SoyArray.cpp */; };
		BF44DA4A1EE9C1E500A7A53C /* SoyAssert.cpp in Sources */ = {isa = PBXBuildFile; fileRef = BF5A5A331EE46B50006A0152 /* SoyAssert.cpp */; };
		BF44DA4B1EE9C1ED00A7A53C /* SoyDebug.cpp in Sources */ = {isa = PBXBuildFile; fileRef = BF5A5A341EE46B50006A0152 /* SoyDebug.cpp */; };
		BF44DA4C1EE9C1ED00A7A53C /* SoyDebug.mm in Sources */ = {isa = PBXBuildFile; fileRef = BF5A5A351EE46B50006A0152 /* SoyDebug.mm */; };
		BF44DA4D1EE9C1ED00A7A53C /* SoyPng.cpp in Sources */ = {isa = PBXBuildFile; fileRef = BF5A5A451EE46BC6006A0152 /* SoyPng.cpp */; };
		BF44DA4E1EE9C1FD00A7A53C /* SoyGraphics.cpp in Sources */ = {isa = PBXBuildFile; fileRef = BF5A5A3C1EE46B7D006A0152 /* SoyGraphics.cpp */; };
		BF44DA4F1EE9C1FD00A7A53C /* SoyEvent.cpp in Sources */ = {isa = PBXBuildFile; fileRef = BF5A5A361EE46B50006A0152 /* SoyEvent.cpp */; };
		BF44DA501EE9C1FD00A7A53C /* memheap.cpp in Sources */ = {isa = PBXBuildFile; fileRef = BF5A5A301EE46B4B006A0152 /* memheap.cpp */; };
		BF44DA511EE9C1FD00A7A53C /* SoyString.cpp in Sources */ = {isa = PBXBuildFile; fileRef = BF5A5A2B1EE46B13006A0152 /* SoyString.cpp */; };
		BF44DA521EE9C1FD00A7A53C /* SoyShader.cpp in Sources */ = {isa = PBXBuildFile; fileRef = BF5A5A421EE46BBA006A0152 /* SoyShader.cpp */; };
		BF44DA531EE9C1FD00A7A53C /* SoyUnity.mm in Sources */ = {isa = PBXBuildFile; fileRef = BF5A5A481EE46BFD006A0152 /* SoyUnity.mm */; };
		BF44DA541EE9C1FD00A7A53C /* SoyString.mm in Sources */ = {isa = PBXBuildFile; fileRef = BF5A5A2D1EE46B13006A0152 /* SoyString.mm */; };
		BF44DA551EE9C1FD00A7A53C /* SoyTypes.cpp in Sources */ = {isa = PBXBuildFile; fileRef = BF5A5A221EE46AFF006A0152 /* SoyTypes.cpp */; };
		BF44DA561EE9C1FD00A7A53C /* SoyUniform.cpp in Sources */ = {isa = PBXBuildFile; fileRef = BF5A5A241EE46AFF006A0152 /* SoyUniform.cpp */; };
		BF44DA571EE9C1FD00A7A53C /* SoyUnity.cpp in Sources */ = {isa = PBXBuildFile; fileRef = BF5A5A261EE46AFF006A0152 /* SoyUnity.cpp */; };
		BF44DA581EE9C1FD00A7A53C /* SoyThread.cpp in Sources */ = {isa = PBXBuildFile; fileRef = BF5A5A1A1EE46ACF006A0152 /* SoyThread.cpp */; };
		BF44DA591EE9C1FD00A7A53C /* SoyTime.cpp in Sources */ = {isa = PBXBuildFile; fileRef = BF5A5A1C1EE46ACF006A0152 /* SoyTime.cpp */; };
		BF44DA5A1EE9C1FD00A7A53C /* SoyTime.mm in Sources */ = {isa = PBXBuildFile; fileRef = BF5A5A1E1EE46ACF006A0152 /* SoyTime.mm */; };
		BF44DA5B1EE9C1FD00A7A53C /* SoyOpengl.cpp in Sources */ = {isa = PBXBuildFile; fileRef = BF5A5A111EE46946006A0152 /* SoyOpengl.cpp */; };
		BF44DA5C1EE9C1FD00A7A53C /* SoyOpenglContext.cpp in Sources */ = {isa = PBXBuildFile; fileRef = BF5A5A131EE46946006A0152 /* SoyOpenglContext.cpp */; };
		BF44DA5D1EE9C1FD00A7A53C /* SoyPixels.cpp in Sources */ = {isa = PBXBuildFile; fileRef = BF5A5A151EE46946006A0152 /* SoyPixels.cpp */; };
		BF44DA5E1EE9C1FD00A7A53C /* PopDebug.cpp in Sources */ = {isa = PBXBuildFile; fileRef = BF5A59FA1EE43719006A0152 /* PopDebug.cpp */; };
		BF44DA5F1EE9C1FD00A7A53C /* PopUnity.cpp in Sources */ = {isa = PBXBuildFile; fileRef = BF5A59FC1EE43719006A0152 /* PopUnity.cpp */; };
		BF44DA601EE9C1FD00A7A53C /* PopReadPixels.cpp in Sources */ = {isa = PBXBuildFile; fileRef = BF5A5A0A1EE43BD2006A0152 /* PopReadPixels.cpp */; };
		BF44DA611EE9C1FD00A7A53C /* TStringBuffer.cpp in Sources */ = {isa = PBXBuildFile; fileRef = BF5A5A001EE43719006A0152 /* TStringBuffer.cpp */; };
		BF44DA641EE9C33D00A7A53C /* libPopReadPixels_Ios.a in CopyFiles */ = {isa = PBXBuildFile; fileRef = BF44DA411EE9C1B900A7A53C /* libPopReadPixels_Ios.a */; };
		BF5A5A021EE43719006A0152 /* PopDebug.cpp in Sources */ = {isa = PBXBuildFile; fileRef = BF5A59FA1EE43719006A0152 /* PopDebug.cpp */; };
		BF5A5A031EE43719006A0152 /* PopUnity.cpp in Sources */ = {isa = PBXBuildFile; fileRef = BF5A59FC1EE43719006A0152 /* PopUnity.cpp */; };
		BF5A5A051EE43719006A0152 /* TStringBuffer.cpp in Sources */ = {isa = PBXBuildFile; fileRef = BF5A5A001EE43719006A0152 /* TStringBuffer.cpp */; };
		BF5A5A0C1EE43BD2006A0152 /* PopReadPixels.cpp in Sources */ = {isa = PBXBuildFile; fileRef = BF5A5A0A1EE43BD2006A0152 /* PopReadPixels.cpp */; };
		BF5A5A0F1EE44101006A0152 /* PopReadPixels_Osx.bundle in CopyFiles */ = {isa = PBXBuildFile; fileRef = BF4A6A141EA16D7D00613A64 /* PopReadPixels_Osx.bundle */; };
		BF5A5A171EE46946006A0152 /* SoyOpengl.cpp in Sources */ = {isa = PBXBuildFile; fileRef = BF5A5A111EE46946006A0152 /* SoyOpengl.cpp */; };
		BF5A5A181EE46946006A0152 /* SoyOpenglContext.cpp in Sources */ = {isa = PBXBuildFile; fileRef = BF5A5A131EE46946006A0152 /* SoyOpenglContext.cpp */; };
		BF5A5A191EE46946006A0152 /* SoyPixels.cpp in Sources */ = {isa = PBXBuildFile; fileRef = BF5A5A151EE46946006A0152 /* SoyPixels.cpp */; };
		BF5A5A1F1EE46ACF006A0152 /* SoyThread.cpp in Sources */ = {isa = PBXBuildFile; fileRef = BF5A5A1A1EE46ACF006A0152 /* SoyThread.cpp */; };
		BF5A5A201EE46ACF006A0152 /* SoyTime.cpp in Sources */ = {isa = PBXBuildFile; fileRef = BF5A5A1C1EE46ACF006A0152 /* SoyTime.cpp */; };
		BF5A5A211EE46ACF006A0152 /* SoyTime.mm in Sources */ = {isa = PBXBuildFile; fileRef = BF5A5A1E1EE46ACF006A0152 /* SoyTime.mm */; };
		BF5A5A281EE46AFF006A0152 /* SoyTypes.cpp in Sources */ = {isa = PBXBuildFile; fileRef = BF5A5A221EE46AFF006A0152 /* SoyTypes.cpp */; };
		BF5A5A291EE46AFF006A0152 /* SoyUniform.cpp in Sources */ = {isa = PBXBuildFile; fileRef = BF5A5A241EE46AFF006A0152 /* SoyUniform.cpp */; };
		BF5A5A2A1EE46AFF006A0152 /* SoyUnity.cpp in Sources */ = {isa = PBXBuildFile; fileRef = BF5A5A261EE46AFF006A0152 /* SoyUnity.cpp */; };
		BF5A5A2E1EE46B13006A0152 /* SoyString.cpp in Sources */ = {isa = PBXBuildFile; fileRef = BF5A5A2B1EE46B13006A0152 /* SoyString.cpp */; };
		BF5A5A2F1EE46B13006A0152 /* SoyString.mm in Sources */ = {isa = PBXBuildFile; fileRef = BF5A5A2D1EE46B13006A0152 /* SoyString.mm */; };
		BF5A5A311EE46B4B006A0152 /* memheap.cpp in Sources */ = {isa = PBXBuildFile; fileRef = BF5A5A301EE46B4B006A0152 /* memheap.cpp */; };
		BF5A5A371EE46B50006A0152 /* SoyArray.cpp in Sources */ = {isa = PBXBuildFile; fileRef = BF5A5A321EE46B50006A0152 /* SoyArray.cpp */; };
		BF5A5A381EE46B50006A0152 /* SoyAssert.cpp in Sources */ = {isa = PBXBuildFile; fileRef = BF5A5A331EE46B50006A0152 /* SoyAssert.cpp */; };
		BF5A5A391EE46B50006A0152 /* SoyDebug.cpp in Sources */ = {isa = PBXBuildFile; fileRef = BF5A5A341EE46B50006A0152 /* SoyDebug.cpp */; };
		BF5A5A3A1EE46B50006A0152 /* SoyDebug.mm in Sources */ = {isa = PBXBuildFile; fileRef = BF5A5A351EE46B50006A0152 /* SoyDebug.mm */; };
		BF5A5A3B1EE46B50006A0152 /* SoyEvent.cpp in Sources */ = {isa = PBXBuildFile; fileRef = BF5A5A361EE46B50006A0152 /* SoyEvent.cpp */; };
		BF5A5A3E1EE46B7D006A0152 /* SoyGraphics.cpp in Sources */ = {isa = PBXBuildFile; fileRef = BF5A5A3C1EE46B7D006A0152 /* SoyGraphics.cpp */; };
		BF5A5A411EE46B93006A0152 /* OpenGL.framework in Frameworks */ = {isa = PBXBuildFile; fileRef = BF5A5A401EE46B93006A0152 /* OpenGL.framework */; };
		BF5A5A441EE46BBA006A0152 /* SoyShader.cpp in Sources */ = {isa = PBXBuildFile; fileRef = BF5A5A421EE46BBA006A0152 /* SoyShader.cpp */; };
		BF5A5A471EE46BC6006A0152 /* SoyPng.cpp in Sources */ = {isa = PBXBuildFile; fileRef = BF5A5A451EE46BC6006A0152 /* SoyPng.cpp */; };
		BF5A5A491EE46BFD006A0152 /* SoyUnity.mm in Sources */ = {isa = PBXBuildFile; fileRef = BF5A5A481EE46BFD006A0152 /* SoyUnity.mm */; };
		BF5A5A4B1EE46C18006A0152 /* CoreMedia.framework in Frameworks */ = {isa = PBXBuildFile; fileRef = BF5A5A4A1EE46C18006A0152 /* CoreMedia.framework */; };
/* End PBXBuildFile section */

/* Begin PBXCopyFilesBuildPhase section */
		BF44DA3F1EE9C1B900A7A53C /* CopyFiles */ = {
			isa = PBXCopyFilesBuildPhase;
			buildActionMask = 2147483647;
			dstPath = $UNITY_ASSET_PLUGIN_PATH/Ios;
			dstSubfolderSpec = 0;
			files = (
				BF44DA641EE9C33D00A7A53C /* libPopReadPixels_Ios.a in CopyFiles */,
			);
			runOnlyForDeploymentPostprocessing = 0;
		};
		BF5A5A0D1EE43D89006A0152 /* CopyFiles */ = {
			isa = PBXCopyFilesBuildPhase;
			buildActionMask = 2147483647;
			dstPath = $UNITY_ASSET_PLUGIN_PATH/Osx;
			dstSubfolderSpec = 0;
			files = (
				BF5A5A0F1EE44101006A0152 /* PopReadPixels_Osx.bundle in CopyFiles */,
			);
			runOnlyForDeploymentPostprocessing = 0;
		};
/* End PBXCopyFilesBuildPhase section */

/* Begin PBXFileReference section */
		BF0A19C21EA428F4007EBC95 /* Unity */ = {isa = PBXFileReference; lastKnownFileType = folder; path = Unity; sourceTree = "<group>"; };
		BF44DA411EE9C1B900A7A53C /* libPopReadPixels_Ios.a */ = {isa = PBXFileReference; explicitFileType = archive.ar; includeInIndex = 0; path = libPopReadPixels_Ios.a; sourceTree = BUILT_PRODUCTS_DIR; };
		BF44DA431EE9C1B900A7A53C /* com_NewChromantics_PopReadPixels.h */ = {isa = PBXFileReference; lastKnownFileType = sourcecode.c.h; path = com_NewChromantics_PopReadPixels.h; sourceTree = "<group>"; };
		BF44DA441EE9C1B900A7A53C /* com_NewChromantics_PopReadPixels.m */ = {isa = PBXFileReference; lastKnownFileType = sourcecode.c.objc; path = com_NewChromantics_PopReadPixels.m; sourceTree = "<group>"; };
		BF44DA631EE9C23400A7A53C /* Ios.xcconfig */ = {isa = PBXFileReference; lastKnownFileType = text.xcconfig; path = Ios.xcconfig; sourceTree = "<group>"; };
		BF4A6A141EA16D7D00613A64 /* PopReadPixels_Osx.bundle */ = {isa = PBXFileReference; explicitFileType = wrapper.cfbundle; includeInIndex = 0; path = PopReadPixels_Osx.bundle; sourceTree = BUILT_PRODUCTS_DIR; };
		BF5A59FA1EE43719006A0152 /* PopDebug.cpp */ = {isa = PBXFileReference; fileEncoding = 4; lastKnownFileType = sourcecode.cpp.cpp; path = PopDebug.cpp; sourceTree = "<group>"; };
		BF5A59FB1EE43719006A0152 /* PopDebug.hpp */ = {isa = PBXFileReference; fileEncoding = 4; lastKnownFileType = sourcecode.cpp.h; path = PopDebug.hpp; sourceTree = "<group>"; };
		BF5A59FC1EE43719006A0152 /* PopUnity.cpp */ = {isa = PBXFileReference; fileEncoding = 4; lastKnownFileType = sourcecode.cpp.cpp; path = PopUnity.cpp; sourceTree = "<group>"; };
		BF5A59FD1EE43719006A0152 /* PopUnity.hpp */ = {isa = PBXFileReference; fileEncoding = 4; lastKnownFileType = sourcecode.cpp.h; path = PopUnity.hpp; sourceTree = "<group>"; };
		BF5A5A001EE43719006A0152 /* TStringBuffer.cpp */ = {isa = PBXFileReference; fileEncoding = 4; lastKnownFileType = sourcecode.cpp.cpp; path = TStringBuffer.cpp; sourceTree = "<group>"; };
		BF5A5A011EE43719006A0152 /* TStringBuffer.hpp */ = {isa = PBXFileReference; fileEncoding = 4; lastKnownFileType = sourcecode.cpp.h; path = TStringBuffer.hpp; sourceTree = "<group>"; };
		BF5A5A061EE4372B006A0152 /* Info.plist */ = {isa = PBXFileReference; fileEncoding = 4; lastKnownFileType = text.plist.xml; path = Info.plist; sourceTree = "<group>"; };
		BF5A5A071EE4372B006A0152 /* Osx.xcconfig */ = {isa = PBXFileReference; fileEncoding = 4; lastKnownFileType = text.xcconfig; path = Osx.xcconfig; sourceTree = "<group>"; };
		BF5A5A0A1EE43BD2006A0152 /* PopReadPixels.cpp */ = {isa = PBXFileReference; fileEncoding = 4; lastKnownFileType = sourcecode.cpp.cpp; path = PopReadPixels.cpp; sourceTree = "<group>"; };
		BF5A5A0B1EE43BD2006A0152 /* PopReadPixels.hpp */ = {isa = PBXFileReference; fileEncoding = 4; lastKnownFileType = sourcecode.cpp.h; path = PopReadPixels.hpp; sourceTree = "<group>"; };
		BF5A5A111EE46946006A0152 /* SoyOpengl.cpp */ = {isa = PBXFileReference; fileEncoding = 4; lastKnownFileType = sourcecode.cpp.cpp; name = SoyOpengl.cpp; path = src/SoyOpengl.cpp; sourceTree = "<group>"; };
		BF5A5A121EE46946006A0152 /* SoyOpengl.h */ = {isa = PBXFileReference; fileEncoding = 4; lastKnownFileType = sourcecode.c.h; name = SoyOpengl.h; path = src/SoyOpengl.h; sourceTree = "<group>"; };
		BF5A5A131EE46946006A0152 /* SoyOpenglContext.cpp */ = {isa = PBXFileReference; fileEncoding = 4; lastKnownFileType = sourcecode.cpp.cpp; name = SoyOpenglContext.cpp; path = src/SoyOpenglContext.cpp; sourceTree = "<group>"; };
		BF5A5A141EE46946006A0152 /* SoyOpenglContext.h */ = {isa = PBXFileReference; fileEncoding = 4; lastKnownFileType = sourcecode.c.h; name = SoyOpenglContext.h; path = src/SoyOpenglContext.h; sourceTree = "<group>"; };
		BF5A5A151EE46946006A0152 /* SoyPixels.cpp */ = {isa = PBXFileReference; fileEncoding = 4; lastKnownFileType = sourcecode.cpp.cpp; name = SoyPixels.cpp; path = src/SoyPixels.cpp; sourceTree = "<group>"; };
		BF5A5A161EE46946006A0152 /* SoyPixels.h */ = {isa = PBXFileReference; fileEncoding = 4; lastKnownFileType = sourcecode.c.h; name = SoyPixels.h; path = src/SoyPixels.h; sourceTree = "<group>"; };
		BF5A5A1A1EE46ACF006A0152 /* SoyThread.cpp */ = {isa = PBXFileReference; fileEncoding = 4; lastKnownFileType = sourcecode.cpp.cpp; name = SoyThread.cpp; path = src/SoyThread.cpp; sourceTree = "<group>"; };
		BF5A5A1B1EE46ACF006A0152 /* SoyThread.h */ = {isa = PBXFileReference; fileEncoding = 4; lastKnownFileType = sourcecode.c.h; name = SoyThread.h; path = src/SoyThread.h; sourceTree = "<group>"; };
		BF5A5A1C1EE46ACF006A0152 /* SoyTime.cpp */ = {isa = PBXFileReference; fileEncoding = 4; lastKnownFileType = sourcecode.cpp.cpp; name = SoyTime.cpp; path = src/SoyTime.cpp; sourceTree = "<group>"; };
		BF5A5A1D1EE46ACF006A0152 /* SoyTime.h */ = {isa = PBXFileReference; fileEncoding = 4; lastKnownFileType = sourcecode.c.h; name = SoyTime.h; path = src/SoyTime.h; sourceTree = "<group>"; };
		BF5A5A1E1EE46ACF006A0152 /* SoyTime.mm */ = {isa = PBXFileReference; fileEncoding = 4; lastKnownFileType = sourcecode.cpp.objcpp; name = SoyTime.mm; path = src/SoyTime.mm; sourceTree = "<group>"; };
		BF5A5A221EE46AFF006A0152 /* SoyTypes.cpp */ = {isa = PBXFileReference; fileEncoding = 4; lastKnownFileType = sourcecode.cpp.cpp; name = SoyTypes.cpp; path = src/SoyTypes.cpp; sourceTree = "<group>"; };
		BF5A5A231EE46AFF006A0152 /* SoyTypes.h */ = {isa = PBXFileReference; fileEncoding = 4; lastKnownFileType = sourcecode.c.h; name = SoyTypes.h; path = src/SoyTypes.h; sourceTree = "<group>"; };
		BF5A5A241EE46AFF006A0152 /* SoyUniform.cpp */ = {isa = PBXFileReference; fileEncoding = 4; lastKnownFileType = sourcecode.cpp.cpp; name = SoyUniform.cpp; path = src/SoyUniform.cpp; sourceTree = "<group>"; };
		BF5A5A251EE46AFF006A0152 /* SoyUniform.h */ = {isa = PBXFileReference; fileEncoding = 4; lastKnownFileType = sourcecode.c.h; name = SoyUniform.h; path = src/SoyUniform.h; sourceTree = "<group>"; };
		BF5A5A261EE46AFF006A0152 /* SoyUnity.cpp */ = {isa = PBXFileReference; fileEncoding = 4; lastKnownFileType = sourcecode.cpp.cpp; name = SoyUnity.cpp; path = src/SoyUnity.cpp; sourceTree = "<group>"; };
		BF5A5A271EE46AFF006A0152 /* SoyUnity.h */ = {isa = PBXFileReference; fileEncoding = 4; lastKnownFileType = sourcecode.c.h; name = SoyUnity.h; path = src/SoyUnity.h; sourceTree = "<group>"; };
		BF5A5A2B1EE46B13006A0152 /* SoyString.cpp */ = {isa = PBXFileReference; fileEncoding = 4; lastKnownFileType = sourcecode.cpp.cpp; name = SoyString.cpp; path = src/SoyString.cpp; sourceTree = "<group>"; };
		BF5A5A2C1EE46B13006A0152 /* SoyString.h */ = {isa = PBXFileReference; fileEncoding = 4; lastKnownFileType = sourcecode.c.h; name = SoyString.h; path = src/SoyString.h; sourceTree = "<group>"; };
		BF5A5A2D1EE46B13006A0152 /* SoyString.mm */ = {isa = PBXFileReference; fileEncoding = 4; lastKnownFileType = sourcecode.cpp.objcpp; name = SoyString.mm; path = src/SoyString.mm; sourceTree = "<group>"; };
		BF5A5A301EE46B4B006A0152 /* memheap.cpp */ = {isa = PBXFileReference; fileEncoding = 4; lastKnownFileType = sourcecode.cpp.cpp; name = memheap.cpp; path = src/memheap.cpp; sourceTree = "<group>"; };
		BF5A5A321EE46B50006A0152 /* SoyArray.cpp */ = {isa = PBXFileReference; fileEncoding = 4; lastKnownFileType = sourcecode.cpp.cpp; name = SoyArray.cpp; path = src/SoyArray.cpp; sourceTree = "<group>"; };
		BF5A5A331EE46B50006A0152 /* SoyAssert.cpp */ = {isa = PBXFileReference; fileEncoding = 4; lastKnownFileType = sourcecode.cpp.cpp; name = SoyAssert.cpp; path = src/SoyAssert.cpp; sourceTree = "<group>"; };
		BF5A5A341EE46B50006A0152 /* SoyDebug.cpp */ = {isa = PBXFileReference; fileEncoding = 4; lastKnownFileType = sourcecode.cpp.cpp; name = SoyDebug.cpp; path = src/SoyDebug.cpp; sourceTree = "<group>"; };
		BF5A5A351EE46B50006A0152 /* SoyDebug.mm */ = {isa = PBXFileReference; fileEncoding = 4; lastKnownFileType = sourcecode.cpp.objcpp; name = SoyDebug.mm; path = src/SoyDebug.mm; sourceTree = "<group>"; };
		BF5A5A361EE46B50006A0152 /* SoyEvent.cpp */ = {isa = PBXFileReference; fileEncoding = 4; lastKnownFileType = sourcecode.cpp.cpp; name = SoyEvent.cpp; path = src/SoyEvent.cpp; sourceTree = "<group>"; };
		BF5A5A3C1EE46B7D006A0152 /* SoyGraphics.cpp */ = {isa = PBXFileReference; fileEncoding = 4; lastKnownFileType = sourcecode.cpp.cpp; name = SoyGraphics.cpp; path = src/SoyGraphics.cpp; sourceTree = "<group>"; };
		BF5A5A3D1EE46B7D006A0152 /* SoyGraphics.h */ = {isa = PBXFileReference; fileEncoding = 4; lastKnownFileType = sourcecode.c.h; name = SoyGraphics.h; path = src/SoyGraphics.h; sourceTree = "<group>"; };
		BF5A5A401EE46B93006A0152 /* OpenGL.framework */ = {isa = PBXFileReference; lastKnownFileType = wrapper.framework; name = OpenGL.framework; path = System/Library/Frameworks/OpenGL.framework; sourceTree = SDKROOT; };
		BF5A5A421EE46BBA006A0152 /* SoyShader.cpp */ = {isa = PBXFileReference; fileEncoding = 4; lastKnownFileType = sourcecode.cpp.cpp; name = SoyShader.cpp; path = src/SoyShader.cpp; sourceTree = "<group>"; };
		BF5A5A431EE46BBA006A0152 /* SoyShader.h */ = {isa = PBXFileReference; fileEncoding = 4; lastKnownFileType = sourcecode.c.h; name = SoyShader.h; path = src/SoyShader.h; sourceTree = "<group>"; };
		BF5A5A451EE46BC6006A0152 /* SoyPng.cpp */ = {isa = PBXFileReference; fileEncoding = 4; lastKnownFileType = sourcecode.cpp.cpp; name = SoyPng.cpp; path = src/SoyPng.cpp; sourceTree = "<group>"; };
		BF5A5A461EE46BC6006A0152 /* SoyPng.h */ = {isa = PBXFileReference; fileEncoding = 4; lastKnownFileType = sourcecode.c.h; name = SoyPng.h; path = src/SoyPng.h; sourceTree = "<group>"; };
		BF5A5A481EE46BFD006A0152 /* SoyUnity.mm */ = {isa = PBXFileReference; fileEncoding = 4; lastKnownFileType = sourcecode.cpp.objcpp; name = SoyUnity.mm; path = src/SoyUnity.mm; sourceTree = "<group>"; };
		BF5A5A4A1EE46C18006A0152 /* CoreMedia.framework */ = {isa = PBXFileReference; lastKnownFileType = wrapper.framework; name = CoreMedia.framework; path = System/Library/Frameworks/CoreMedia.framework; sourceTree = SDKROOT; };
		BFD607741EA16F0A0035C814 /* IUnityGraphics.h */ = {isa = PBXFileReference; fileEncoding = 4; lastKnownFileType = sourcecode.c.h; name = IUnityGraphics.h; path = Source/Unity/IUnityGraphics.h; sourceTree = "<group>"; };
		BFD607751EA16F0A0035C814 /* IUnityGraphicsD3D9.h */ = {isa = PBXFileReference; fileEncoding = 4; lastKnownFileType = sourcecode.c.h; name = IUnityGraphicsD3D9.h; path = Source/Unity/IUnityGraphicsD3D9.h; sourceTree = "<group>"; };
		BFD607761EA16F0A0035C814 /* IUnityGraphicsD3D11.h */ = {isa = PBXFileReference; fileEncoding = 4; lastKnownFileType = sourcecode.c.h; name = IUnityGraphicsD3D11.h; path = Source/Unity/IUnityGraphicsD3D11.h; sourceTree = "<group>"; };
		BFD607771EA16F0A0035C814 /* IUnityGraphicsD3D12.h */ = {isa = PBXFileReference; fileEncoding = 4; lastKnownFileType = sourcecode.c.h; name = IUnityGraphicsD3D12.h; path = Source/Unity/IUnityGraphicsD3D12.h; sourceTree = "<group>"; };
		BFD607781EA16F0A0035C814 /* IUnityGraphicsMetal.h */ = {isa = PBXFileReference; fileEncoding = 4; lastKnownFileType = sourcecode.c.h; name = IUnityGraphicsMetal.h; path = Source/Unity/IUnityGraphicsMetal.h; sourceTree = "<group>"; };
		BFD607791EA16F0A0035C814 /* IUnityInterface.h */ = {isa = PBXFileReference; fileEncoding = 4; lastKnownFileType = sourcecode.c.h; name = IUnityInterface.h; path = Source/Unity/IUnityInterface.h; sourceTree = "<group>"; };
/* End PBXFileReference section */

/* Begin PBXFrameworksBuildPhase section */
		BF44DA3E1EE9C1B900A7A53C /* Frameworks */ = {
			isa = PBXFrameworksBuildPhase;
			buildActionMask = 2147483647;
			files = (
			);
			runOnlyForDeploymentPostprocessing = 0;
		};
		BF4A6A111EA16D7C00613A64 /* Frameworks */ = {
			isa = PBXFrameworksBuildPhase;
			buildActionMask = 2147483647;
			files = (
				BF5A5A4B1EE46C18006A0152 /* CoreMedia.framework in Frameworks */,
				BF5A5A411EE46B93006A0152 /* OpenGL.framework in Frameworks */,
			);
			runOnlyForDeploymentPostprocessing = 0;
		};
/* End PBXFrameworksBuildPhase section */

/* Begin PBXGroup section */
		BF44DA421EE9C1B900A7A53C /* com.NewChromantics.PopReadPixels */ = {
			isa = PBXGroup;
			children = (
				BF44DA431EE9C1B900A7A53C /* com_NewChromantics_PopReadPixels.h */,
				BF44DA441EE9C1B900A7A53C /* com_NewChromantics_PopReadPixels.m */,
			);
			path = com.NewChromantics.PopReadPixels;
			sourceTree = "<group>";
		};
		BF44DA621EE9C22500A7A53C /* Ios */ = {
			isa = PBXGroup;
			children = (
				BF44DA631EE9C23400A7A53C /* Ios.xcconfig */,
			);
			path = Ios;
			sourceTree = "<group>";
		};
		BF4A6A0B1EA16D7C00613A64 = {
			isa = PBXGroup;
			children = (
				BF0A19C21EA428F4007EBC95 /* Unity */,
				BFD6076D1EA16ED20035C814 /* Source */,
				BF44DA421EE9C1B900A7A53C /* com.NewChromantics.PopReadPixels */,
				BF4A6A151EA16D7D00613A64 /* Products */,
				BF5A5A3F1EE46B93006A0152 /* Frameworks */,
			);
			sourceTree = "<group>";
		};
		BF4A6A151EA16D7D00613A64 /* Products */ = {
			isa = PBXGroup;
			children = (
				BF4A6A141EA16D7D00613A64 /* PopReadPixels_Osx.bundle */,
				BF44DA411EE9C1B900A7A53C /* libPopReadPixels_Ios.a */,
			);
			name = Products;
			sourceTree = "<group>";
		};
		BF4A6A161EA16D7D00613A64 /* Osx */ = {
			isa = PBXGroup;
			children = (
				BF5A5A061EE4372B006A0152 /* Info.plist */,
				BF5A5A071EE4372B006A0152 /* Osx.xcconfig */,
			);
			name = Osx;
			path = Source/Osx;
			sourceTree = SOURCE_ROOT;
		};
		BF5A5A101EE46928006A0152 /* SoyLib */ = {
			isa = PBXGroup;
			children = (
				BF5A5A321EE46B50006A0152 /* SoyArray.cpp */,
				BF5A5A331EE46B50006A0152 /* SoyAssert.cpp */,
				BF5A5A341EE46B50006A0152 /* SoyDebug.cpp */,
				BF5A5A351EE46B50006A0152 /* SoyDebug.mm */,
				BF5A5A451EE46BC6006A0152 /* SoyPng.cpp */,
				BF5A5A461EE46BC6006A0152 /* SoyPng.h */,
				BF5A5A3C1EE46B7D006A0152 /* SoyGraphics.cpp */,
				BF5A5A3D1EE46B7D006A0152 /* SoyGraphics.h */,
				BF5A5A361EE46B50006A0152 /* SoyEvent.cpp */,
				BF5A5A301EE46B4B006A0152 /* memheap.cpp */,
				BF5A5A2B1EE46B13006A0152 /* SoyString.cpp */,
				BF5A5A421EE46BBA006A0152 /* SoyShader.cpp */,
				BF5A5A431EE46BBA006A0152 /* SoyShader.h */,
				BF5A5A481EE46BFD006A0152 /* SoyUnity.mm */,
				BF5A5A2C1EE46B13006A0152 /* SoyString.h */,
				BF5A5A2D1EE46B13006A0152 /* SoyString.mm */,
				BF5A5A221EE46AFF006A0152 /* SoyTypes.cpp */,
				BF5A5A231EE46AFF006A0152 /* SoyTypes.h */,
				BF5A5A241EE46AFF006A0152 /* SoyUniform.cpp */,
				BF5A5A251EE46AFF006A0152 /* SoyUniform.h */,
				BF5A5A261EE46AFF006A0152 /* SoyUnity.cpp */,
				BF5A5A271EE46AFF006A0152 /* SoyUnity.h */,
				BF5A5A1A1EE46ACF006A0152 /* SoyThread.cpp */,
				BF5A5A1B1EE46ACF006A0152 /* SoyThread.h */,
				BF5A5A1C1EE46ACF006A0152 /* SoyTime.cpp */,
				BF5A5A1D1EE46ACF006A0152 /* SoyTime.h */,
				BF5A5A1E1EE46ACF006A0152 /* SoyTime.mm */,
				BF5A5A111EE46946006A0152 /* SoyOpengl.cpp */,
				BF5A5A121EE46946006A0152 /* SoyOpengl.h */,
				BF5A5A131EE46946006A0152 /* SoyOpenglContext.cpp */,
				BF5A5A141EE46946006A0152 /* SoyOpenglContext.h */,
				BF5A5A151EE46946006A0152 /* SoyPixels.cpp */,
				BF5A5A161EE46946006A0152 /* SoyPixels.h */,
			);
			path = SoyLib;
			sourceTree = "<group>";
		};
		BF5A5A3F1EE46B93006A0152 /* Frameworks */ = {
			isa = PBXGroup;
			children = (
				BF5A5A4A1EE46C18006A0152 /* CoreMedia.framework */,
				BF5A5A401EE46B93006A0152 /* OpenGL.framework */,
			);
			name = Frameworks;
			sourceTree = "<group>";
		};
		BFD6076D1EA16ED20035C814 /* Source */ = {
			isa = PBXGroup;
			children = (
				BF5A5A101EE46928006A0152 /* SoyLib */,
				BF5A59FA1EE43719006A0152 /* PopDebug.cpp */,
				BF5A59FB1EE43719006A0152 /* PopDebug.hpp */,
				BF5A59FC1EE43719006A0152 /* PopUnity.cpp */,
				BF5A59FD1EE43719006A0152 /* PopUnity.hpp */,
				BF5A5A0A1EE43BD2006A0152 /* PopReadPixels.cpp */,
				BF5A5A0B1EE43BD2006A0152 /* PopReadPixels.hpp */,
				BF5A5A001EE43719006A0152 /* TStringBuffer.cpp */,
				BF5A5A011EE43719006A0152 /* TStringBuffer.hpp */,
				BF44DA621EE9C22500A7A53C /* Ios */,
				BF4A6A161EA16D7D00613A64 /* Osx */,
				BFD607731EA16EFC0035C814 /* Unity */,
			);
			path = Source;
			sourceTree = SOURCE_ROOT;
		};
		BFD607731EA16EFC0035C814 /* Unity */ = {
			isa = PBXGroup;
			children = (
				BFD607741EA16F0A0035C814 /* IUnityGraphics.h */,
				BFD607751EA16F0A0035C814 /* IUnityGraphicsD3D9.h */,
				BFD607761EA16F0A0035C814 /* IUnityGraphicsD3D11.h */,
				BFD607771EA16F0A0035C814 /* IUnityGraphicsD3D12.h */,
				BFD607781EA16F0A0035C814 /* IUnityGraphicsMetal.h */,
				BFD607791EA16F0A0035C814 /* IUnityInterface.h */,
			);
			name = Unity;
			path = Source/Unity;
			sourceTree = "<group>";
		};
/* End PBXGroup section */

/* Begin PBXNativeTarget section */
		BF44DA401EE9C1B900A7A53C /* PopReadPixels_Ios */ = {
			isa = PBXNativeTarget;
			buildConfigurationList = BF44DA481EE9C1B900A7A53C /* Build configuration list for PBXNativeTarget "PopReadPixels_Ios" */;
			buildPhases = (
				BF44DA3D1EE9C1B900A7A53C /* Sources */,
				BF44DA3E1EE9C1B900A7A53C /* Frameworks */,
				BF44DA3F1EE9C1B900A7A53C /* CopyFiles */,
			);
			buildRules = (
			);
			dependencies = (
			);
			name = PopReadPixels_Ios;
			productName = com.NewChromantics.PopReadPixels;
			productReference = BF44DA411EE9C1B900A7A53C /* libPopReadPixels_Ios.a */;
			productType = "com.apple.product-type.library.static";
		};
		BF4A6A131EA16D7C00613A64 /* PopReadPixels_Osx */ = {
			isa = PBXNativeTarget;
			buildConfigurationList = BF4A6A1A1EA16D7D00613A64 /* Build configuration list for PBXNativeTarget "PopReadPixels_Osx" */;
			buildPhases = (
				BF4A6A101EA16D7C00613A64 /* Sources */,
				BF4A6A111EA16D7C00613A64 /* Frameworks */,
				BF4A6A121EA16D7C00613A64 /* Resources */,
				BF5A5A0D1EE43D89006A0152 /* CopyFiles */,
			);
			buildRules = (
			);
			dependencies = (
			);
			name = PopReadPixels_Osx;
			productName = PopEncodeJpeg;
			productReference = BF4A6A141EA16D7D00613A64 /* PopReadPixels_Osx.bundle */;
			productType = "com.apple.product-type.bundle";
		};
/* End PBXNativeTarget section */

/* Begin PBXProject section */
		BF4A6A0C1EA16D7C00613A64 /* Project object */ = {
			isa = PBXProject;
			attributes = {
				LastUpgradeCheck = 0810;
				ORGANIZATIONNAME = NewChromantics;
				TargetAttributes = {
					BF44DA401EE9C1B900A7A53C = {
						CreatedOnToolsVersion = 8.1;
						ProvisioningStyle = Automatic;
					};
					BF4A6A131EA16D7C00613A64 = {
						CreatedOnToolsVersion = 8.1;
						ProvisioningStyle = Automatic;
					};
				};
			};
			buildConfigurationList = BF4A6A0F1EA16D7C00613A64 /* Build configuration list for PBXProject "PopReadPixels" */;
			compatibilityVersion = "Xcode 3.2";
			developmentRegion = English;
			hasScannedForEncodings = 0;
			knownRegions = (
				en,
			);
			mainGroup = BF4A6A0B1EA16D7C00613A64;
			productRefGroup = BF4A6A151EA16D7D00613A64 /* Products */;
			projectDirPath = "";
			projectRoot = "";
			targets = (
				BF4A6A131EA16D7C00613A64 /* PopReadPixels_Osx */,
				BF44DA401EE9C1B900A7A53C /* PopReadPixels_Ios */,
			);
		};
/* End PBXProject section */

/* Begin PBXResourcesBuildPhase section */
		BF4A6A121EA16D7C00613A64 /* Resources */ = {
			isa = PBXResourcesBuildPhase;
			buildActionMask = 2147483647;
			files = (
			);
			runOnlyForDeploymentPostprocessing = 0;
		};
/* End PBXResourcesBuildPhase section */

/* Begin PBXSourcesBuildPhase section */
		BF44DA3D1EE9C1B900A7A53C /* Sources */ = {
			isa = PBXSourcesBuildPhase;
			buildActionMask = 2147483647;
			files = (
				BF44DA5E1EE9C1FD00A7A53C /* PopDebug.cpp in Sources */,
				BF44DA5A1EE9C1FD00A7A53C /* SoyTime.mm in Sources */,
				BF44DA451EE9C1B900A7A53C /* com_NewChromantics_PopReadPixels.m in Sources */,
				BF44DA581EE9C1FD00A7A53C /* SoyThread.cpp in Sources */,
				BF44DA571EE9C1FD00A7A53C /* SoyUnity.cpp in Sources */,
				BF44DA4D1EE9C1ED00A7A53C /* SoyPng.cpp in Sources */,
				BF44DA541EE9C1FD00A7A53C /* SoyString.mm in Sources */,
				BF44DA5D1EE9C1FD00A7A53C /* SoyPixels.cpp in Sources */,
				BF44DA551EE9C1FD00A7A53C /* SoyTypes.cpp in Sources */,
				BF44DA521EE9C1FD00A7A53C /* SoyShader.cpp in Sources */,
				BF44DA5C1EE9C1FD00A7A53C /* SoyOpenglContext.cpp in Sources */,
				BF44DA4F1EE9C1FD00A7A53C /* SoyEvent.cpp in Sources */,
				BF44DA4E1EE9C1FD00A7A53C /* SoyGraphics.cpp in Sources */,
				BF44DA611EE9C1FD00A7A53C /* TStringBuffer.cpp in Sources */,
				BF44DA511EE9C1FD00A7A53C /* SoyString.cpp in Sources */,
				BF44DA4A1EE9C1E500A7A53C /* SoyAssert.cpp in Sources */,
				BF44DA561EE9C1FD00A7A53C /* SoyUniform.cpp in Sources */,
				BF44DA591EE9C1FD00A7A53C /* SoyTime.cpp in Sources */,
				BF44DA5B1EE9C1FD00A7A53C /* SoyOpengl.cpp in Sources */,
				BF44DA4C1EE9C1ED00A7A53C /* SoyDebug.mm in Sources */,
				BF44DA491EE9C1E200A7A53C /* SoyArray.cpp in Sources */,
				BF44DA4B1EE9C1ED00A7A53C /* SoyDebug.cpp in Sources */,
				BF44DA5F1EE9C1FD00A7A53C /* PopUnity.cpp in Sources */,
				BF44DA501EE9C1FD00A7A53C /* memheap.cpp in Sources */,
				BF44DA601EE9C1FD00A7A53C /* PopReadPixels.cpp in Sources */,
				BF44DA531EE9C1FD00A7A53C /* SoyUnity.mm in Sources */,
			);
			runOnlyForDeploymentPostprocessing = 0;
		};
		BF4A6A101EA16D7C00613A64 /* Sources */ = {
			isa = PBXSourcesBuildPhase;
			buildActionMask = 2147483647;
			files = (
				BF5A5A3B1EE46B50006A0152 /* SoyEvent.cpp in Sources */,
				BF5A5A491EE46BFD006A0152 /* SoyUnity.mm in Sources */,
				BF5A5A2A1EE46AFF006A0152 /* SoyUnity.cpp in Sources */,
				BF5A5A391EE46B50006A0152 /* SoyDebug.cpp in Sources */,
				BF5A5A441EE46BBA006A0152 /* SoyShader.cpp in Sources */,
				BF5A5A191EE46946006A0152 /* SoyPixels.cpp in Sources */,
				BF5A5A1F1EE46ACF006A0152 /* SoyThread.cpp in Sources */,
				BF5A5A021EE43719006A0152 /* PopDebug.cpp in Sources */,
				BF5A5A201EE46ACF006A0152 /* SoyTime.cpp in Sources */,
				BF5A5A031EE43719006A0152 /* PopUnity.cpp in Sources */,
				BF5A5A2F1EE46B13006A0152 /* SoyString.mm in Sources */,
				BF5A5A381EE46B50006A0152 /* SoyAssert.cpp in Sources */,
				BF5A5A3E1EE46B7D006A0152 /* SoyGraphics.cpp in Sources */,
				BF5A5A181EE46946006A0152 /* SoyOpenglContext.cpp in Sources */,
				BF5A5A291EE46AFF006A0152 /* SoyUniform.cpp in Sources */,
				BF5A5A311EE46B4B006A0152 /* memheap.cpp in Sources */,
				BF5A5A2E1EE46B13006A0152 /* SoyString.cpp in Sources */,
				BF5A5A0C1EE43BD2006A0152 /* PopReadPixels.cpp in Sources */,
				BF5A5A051EE43719006A0152 /* TStringBuffer.cpp in Sources */,
				BF5A5A281EE46AFF006A0152 /* SoyTypes.cpp in Sources */,
				BF5A5A471EE46BC6006A0152 /* SoyPng.cpp in Sources */,
				BF5A5A211EE46ACF006A0152 /* SoyTime.mm in Sources */,
				BF5A5A3A1EE46B50006A0152 /* SoyDebug.mm in Sources */,
				BF5A5A171EE46946006A0152 /* SoyOpengl.cpp in Sources */,
				BF5A5A371EE46B50006A0152 /* SoyArray.cpp in Sources */,
			);
			runOnlyForDeploymentPostprocessing = 0;
		};
/* End PBXSourcesBuildPhase section */

/* Begin XCBuildConfiguration section */
		BF44DA471EE9C1B900A7A53C /* Release */ = {
			isa = XCBuildConfiguration;
			baseConfigurationReference = BF44DA631EE9C23400A7A53C /* Ios.xcconfig */;
			buildSettings = {
				"CODE_SIGN_IDENTITY[sdk=iphoneos*]" = "iPhone Developer";
				IPHONEOS_DEPLOYMENT_TARGET = 10.1;
				OTHER_LDFLAGS = "-ObjC";
				PRODUCT_NAME = "$(TARGET_NAME)";
				SDKROOT = iphoneos;
				SKIP_INSTALL = YES;
				VALIDATE_PRODUCT = YES;
			};
			name = Release;
		};
		BF4A6A191EA16D7D00613A64 /* Release */ = {
			isa = XCBuildConfiguration;
			buildSettings = {
				ALWAYS_SEARCH_USER_PATHS = NO;
				CLANG_ANALYZER_NONNULL = YES;
				CLANG_CXX_LANGUAGE_STANDARD = "gnu++0x";
				CLANG_CXX_LIBRARY = "libc++";
				CLANG_ENABLE_MODULES = YES;
				CLANG_ENABLE_OBJC_ARC = YES;
				CLANG_WARN_BOOL_CONVERSION = YES;
				CLANG_WARN_CONSTANT_CONVERSION = YES;
				CLANG_WARN_DIRECT_OBJC_ISA_USAGE = YES_ERROR;
				CLANG_WARN_DOCUMENTATION_COMMENTS = YES;
				CLANG_WARN_EMPTY_BODY = YES;
				CLANG_WARN_ENUM_CONVERSION = YES;
				CLANG_WARN_INFINITE_RECURSION = YES;
				CLANG_WARN_INT_CONVERSION = YES;
				CLANG_WARN_OBJC_ROOT_CLASS = YES_ERROR;
				CLANG_WARN_SUSPICIOUS_MOVES = YES;
				CLANG_WARN_UNREACHABLE_CODE = YES;
				CLANG_WARN__DUPLICATE_METHOD_MATCH = YES;
				CODE_SIGN_IDENTITY = "-";
				COPY_PHASE_STRIP = NO;
				DEBUG_INFORMATION_FORMAT = "dwarf-with-dsym";
				ENABLE_NS_ASSERTIONS = NO;
				ENABLE_STRICT_OBJC_MSGSEND = YES;
				GCC_C_LANGUAGE_STANDARD = gnu99;
				GCC_NO_COMMON_BLOCKS = YES;
				GCC_OPTIMIZATION_LEVEL = 0;
				GCC_WARN_64_TO_32_BIT_CONVERSION = YES;
				GCC_WARN_ABOUT_RETURN_TYPE = YES_ERROR;
				GCC_WARN_UNDECLARED_SELECTOR = YES;
				GCC_WARN_UNINITIALIZED_AUTOS = YES_AGGRESSIVE;
				GCC_WARN_UNUSED_FUNCTION = YES;
				GCC_WARN_UNUSED_VARIABLE = YES;
				INSTALL_PATH = "$(SRCROOT)/Unity/PopReadPixels/Assets/PopReadPixels/";
				MACOSX_DEPLOYMENT_TARGET = 10.12;
				MTL_ENABLE_DEBUG_INFO = NO;
				SDKROOT = macosx;
				SOY_PATH = "$(SRCROOT)/Source/SoyLib";
			};
			name = Release;
		};
		BF4A6A1C1EA16D7D00613A64 /* Release */ = {
			isa = XCBuildConfiguration;
			baseConfigurationReference = BF5A5A071EE4372B006A0152 /* Osx.xcconfig */;
			buildSettings = {
				COMBINE_HIDPI_IMAGES = YES;
				INFOPLIST_FILE = "$(SRCROOT)/Source/Osx/Info.plist";
				PRODUCT_BUNDLE_IDENTIFIER = com.NewChromantics.PopReadPixels;
				PRODUCT_NAME = "$(TARGET_NAME)";
				SKIP_INSTALL = YES;
				WRAPPER_EXTENSION = bundle;
			};
			name = Release;
		};
/* End XCBuildConfiguration section */

/* Begin XCConfigurationList section */
		BF44DA481EE9C1B900A7A53C /* Build configuration list for PBXNativeTarget "PopReadPixels_Ios" */ = {
			isa = XCConfigurationList;
			buildConfigurations = (
				BF44DA471EE9C1B900A7A53C /* Release */,
			);
			defaultConfigurationIsVisible = 0;
		};
		BF4A6A0F1EA16D7C00613A64 /* Build configuration list for PBXProject "PopReadPixels" */ = {
			isa = XCConfigurationList;
			buildConfigurations = (
				BF4A6A191EA16D7D00613A64 /* Release */,
			);
			defaultConfigurationIsVisible = 0;
			defaultConfigurationName = Release;
		};
		BF4A6A1A1EA16D7D00613A64 /* Build configuration list for PBXNativeTarget "PopReadPixels_Osx" */ = {
			isa = XCConfigurationList;
			buildConfigurations = (
				BF4A6A1C1EA16D7D00613A64 /* Release */,
			);
			defaultConfigurationIsVisible = 0;
			defaultConfigurationName = Release;
		};
/* End XCConfigurationList section */
	};
	rootObject = BF4A6A0C1EA16D7C00613A64 /* Project object */;
}
